// !$*UTF8*$!
{
	archiveVersion = 1;
	classes = {
	};
	objectVersion = 56;
	objects = {

/* Begin PBXBuildFile section */
		9F5404952E0C0C1200841DBD /* SearchAndFilterBar.swift in Sources */ = {isa = PBXBuildFile; fileRef = 9F5404942E0C0C1200841DBD /* SearchAndFilterBar.swift */; };
		9F5404982E0C14BE00841DBD /* ListingImageCarouselView.swift in Sources */ = {isa = PBXBuildFile; fileRef = 9F5404972E0C14BE00841DBD /* ListingImageCarouselView.swift */; };
		9F54049A2E0C151D00841DBD /* ListingDetailView.swift in Sources */ = {isa = PBXBuildFile; fileRef = 9F5404992E0C151D00841DBD /* ListingDetailView.swift */; };
		9F54049C2E0DD1D100841DBD /* DestinationSearchView.swift in Sources */ = {isa = PBXBuildFile; fileRef = 9F54049B2E0DD1D100841DBD /* DestinationSearchView.swift */; };
		9F83CC332E05A2930031C14F /* AirbnbProjectApp.swift in Sources */ = {isa = PBXBuildFile; fileRef = 9F83CC322E05A2930031C14F /* AirbnbProjectApp.swift */; };
		9F83CC352E05A2930031C14F /* ContentView.swift in Sources */ = {isa = PBXBuildFile; fileRef = 9F83CC342E05A2930031C14F /* ContentView.swift */; };
		9F83CC372E05A2940031C14F /* Assets.xcassets in Resources */ = {isa = PBXBuildFile; fileRef = 9F83CC362E05A2940031C14F /* Assets.xcassets */; };
		9F83CC3A2E05A2940031C14F /* Preview Assets.xcassets in Resources */ = {isa = PBXBuildFile; fileRef = 9F83CC392E05A2940031C14F /* Preview Assets.xcassets */; };
		9F83CC432E0865FC0031C14F /* ExploreView.swift in Sources */ = {isa = PBXBuildFile; fileRef = 9F83CC422E0865FB0031C14F /* ExploreView.swift */; };
		9F83CC462E0B2E6C0031C14F /* ListingItemView.swift in Sources */ = {isa = PBXBuildFile; fileRef = 9F83CC452E0B2E6C0031C14F /* ListingItemView.swift */; };
/* End PBXBuildFile section */

/* Begin PBXFileReference section */
		9F5404942E0C0C1200841DBD /* SearchAndFilterBar.swift */ = {isa = PBXFileReference; lastKnownFileType = sourcecode.swift; path = SearchAndFilterBar.swift; sourceTree = "<group>"; };
		9F5404972E0C14BE00841DBD /* ListingImageCarouselView.swift */ = {isa = PBXFileReference; lastKnownFileType = sourcecode.swift; path = ListingImageCarouselView.swift; sourceTree = "<group>"; };
		9F5404992E0C151D00841DBD /* ListingDetailView.swift */ = {isa = PBXFileReference; lastKnownFileType = sourcecode.swift; path = ListingDetailView.swift; sourceTree = "<group>"; };
		9F54049B2E0DD1D100841DBD /* DestinationSearchView.swift */ = {isa = PBXFileReference; lastKnownFileType = sourcecode.swift; path = DestinationSearchView.swift; sourceTree = "<group>"; };
		9F83CC2F2E05A2930031C14F /* AirbnbProject.app */ = {isa = PBXFileReference; explicitFileType = wrapper.application; includeInIndex = 0; path = AirbnbProject.app; sourceTree = BUILT_PRODUCTS_DIR; };
		9F83CC322E05A2930031C14F /* AirbnbProjectApp.swift */ = {isa = PBXFileReference; lastKnownFileType = sourcecode.swift; path = AirbnbProjectApp.swift; sourceTree = "<group>"; };
		9F83CC342E05A2930031C14F /* ContentView.swift */ = {isa = PBXFileReference; lastKnownFileType = sourcecode.swift; path = ContentView.swift; sourceTree = "<group>"; };
		9F83CC362E05A2940031C14F /* Assets.xcassets */ = {isa = PBXFileReference; lastKnownFileType = folder.assetcatalog; path = Assets.xcassets; sourceTree = "<group>"; };
		9F83CC392E05A2940031C14F /* Preview Assets.xcassets */ = {isa = PBXFileReference; lastKnownFileType = folder.assetcatalog; path = "Preview Assets.xcassets"; sourceTree = "<group>"; };
		9F83CC422E0865FB0031C14F /* ExploreView.swift */ = {isa = PBXFileReference; lastKnownFileType = sourcecode.swift; path = ExploreView.swift; sourceTree = "<group>"; };
		9F83CC452E0B2E6C0031C14F /* ListingItemView.swift */ = {isa = PBXFileReference; lastKnownFileType = sourcecode.swift; path = ListingItemView.swift; sourceTree = "<group>"; };
/* End PBXFileReference section */

/* Begin PBXFrameworksBuildPhase section */
		9F83CC2C2E05A2930031C14F /* Frameworks */ = {
			isa = PBXFrameworksBuildPhase;
			buildActionMask = 2147483647;
			files = (
			);
			runOnlyForDeploymentPostprocessing = 0;
		};
/* End PBXFrameworksBuildPhase section */

/* Begin PBXGroup section */
		9F5404962E0C148500841DBD /* Components */ = {
			isa = PBXGroup;
			children = (
				9F5404972E0C14BE00841DBD /* ListingImageCarouselView.swift */,
			);
			path = Components;
			sourceTree = "<group>";
		};
		9F83CC262E05A2930031C14F = {
			isa = PBXGroup;
			children = (
				9F83CC312E05A2930031C14F /* AirbnbProject */,
				9F83CC302E05A2930031C14F /* Products */,
			);
			sourceTree = "<group>";
		};
		9F83CC302E05A2930031C14F /* Products */ = {
			isa = PBXGroup;
			children = (
				9F83CC2F2E05A2930031C14F /* AirbnbProject.app */,
			);
			name = Products;
			sourceTree = "<group>";
		};
		9F83CC312E05A2930031C14F /* AirbnbProject */ = {
			isa = PBXGroup;
			children = (
				9F83CC402E0865DF0031C14F /* Core */,
				9F83CC322E05A2930031C14F /* AirbnbProjectApp.swift */,
				9F83CC342E05A2930031C14F /* ContentView.swift */,
				9F83CC362E05A2940031C14F /* Assets.xcassets */,
				9F83CC382E05A2940031C14F /* Preview Content */,
			);
			path = AirbnbProject;
			sourceTree = "<group>";
		};
		9F83CC382E05A2940031C14F /* Preview Content */ = {
			isa = PBXGroup;
			children = (
				9F83CC392E05A2940031C14F /* Preview Assets.xcassets */,
			);
			path = "Preview Content";
			sourceTree = "<group>";
		};
		9F83CC402E0865DF0031C14F /* Core */ = {
			isa = PBXGroup;
			children = (
				9F5404962E0C148500841DBD /* Components */,
				9F83CC442E0B2E520031C14F /* Listings */,
				9F83CC412E0865EA0031C14F /* Explore */,
			);
			path = Core;
			sourceTree = "<group>";
		};
		9F83CC412E0865EA0031C14F /* Explore */ = {
			isa = PBXGroup;
			children = (
				9F83CC422E0865FB0031C14F /* ExploreView.swift */,
				9F5404942E0C0C1200841DBD /* SearchAndFilterBar.swift */,
				9F54049B2E0DD1D100841DBD /* DestinationSearchView.swift */,
			);
			path = Explore;
			sourceTree = "<group>";
		};
		9F83CC442E0B2E520031C14F /* Listings */ = {
			isa = PBXGroup;
			children = (
				9F83CC452E0B2E6C0031C14F /* ListingItemView.swift */,
				9F5404992E0C151D00841DBD /* ListingDetailView.swift */,
			);
			path = Listings;
			sourceTree = "<group>";
		};
/* End PBXGroup section */

/* Begin PBXNativeTarget section */
		9F83CC2E2E05A2930031C14F /* AirbnbProject */ = {
			isa = PBXNativeTarget;
			buildConfigurationList = 9F83CC3D2E05A2940031C14F /* Build configuration list for PBXNativeTarget "AirbnbProject" */;
			buildPhases = (
				9F83CC2B2E05A2930031C14F /* Sources */,
				9F83CC2C2E05A2930031C14F /* Frameworks */,
				9F83CC2D2E05A2930031C14F /* Resources */,
			);
			buildRules = (
			);
			dependencies = (
			);
			name = AirbnbProject;
			productName = AirbnbProject;
			productReference = 9F83CC2F2E05A2930031C14F /* AirbnbProject.app */;
			productType = "com.apple.product-type.application";
		};
/* End PBXNativeTarget section */

/* Begin PBXProject section */
		9F83CC272E05A2930031C14F /* Project object */ = {
			isa = PBXProject;
			attributes = {
				BuildIndependentTargetsInParallel = 1;
				LastSwiftUpdateCheck = 1530;
				LastUpgradeCheck = 1530;
				TargetAttributes = {
					9F83CC2E2E05A2930031C14F = {
						CreatedOnToolsVersion = 15.3;
					};
				};
			};
			buildConfigurationList = 9F83CC2A2E05A2930031C14F /* Build configuration list for PBXProject "AirbnbProject" */;
			compatibilityVersion = "Xcode 14.0";
			developmentRegion = en;
			hasScannedForEncodings = 0;
			knownRegions = (
				en,
				Base,
			);
			mainGroup = 9F83CC262E05A2930031C14F;
			productRefGroup = 9F83CC302E05A2930031C14F /* Products */;
			projectDirPath = "";
			projectRoot = "";
			targets = (
				9F83CC2E2E05A2930031C14F /* AirbnbProject */,
			);
		};
/* End PBXProject section */

/* Begin PBXResourcesBuildPhase section */
		9F83CC2D2E05A2930031C14F /* Resources */ = {
			isa = PBXResourcesBuildPhase;
			buildActionMask = 2147483647;
			files = (
				9F83CC3A2E05A2940031C14F /* Preview Assets.xcassets in Resources */,
				9F83CC372E05A2940031C14F /* Assets.xcassets in Resources */,
			);
			runOnlyForDeploymentPostprocessing = 0;
		};
/* End PBXResourcesBuildPhase section */

/* Begin PBXSourcesBuildPhase section */
		9F83CC2B2E05A2930031C14F /* Sources */ = {
			isa = PBXSourcesBuildPhase;
			buildActionMask = 2147483647;
			files = (
				9F54049A2E0C151D00841DBD /* ListingDetailView.swift in Sources */,
				9F54049C2E0DD1D100841DBD /* DestinationSearchView.swift in Sources */,
				9F83CC462E0B2E6C0031C14F /* ListingItemView.swift in Sources */,
				9F83CC352E05A2930031C14F /* ContentView.swift in Sources */,
				9F83CC432E0865FC0031C14F /* ExploreView.swift in Sources */,
				9F5404982E0C14BE00841DBD /* ListingImageCarouselView.swift in Sources */,
				9F5404952E0C0C1200841DBD /* SearchAndFilterBar.swift in Sources */,
				9F83CC332E05A2930031C14F /* AirbnbProjectApp.swift in Sources */,
			);
			runOnlyForDeploymentPostprocessing = 0;
		};
/* End PBXSourcesBuildPhase section */

/* Begin XCBuildConfiguration section */
		9F83CC3B2E05A2940031C14F /* Debug */ = {
			isa = XCBuildConfiguration;
			buildSettings = {
				ALWAYS_SEARCH_USER_PATHS = NO;
				ASSETCATALOG_COMPILER_GENERATE_SWIFT_ASSET_SYMBOL_EXTENSIONS = YES;
				CLANG_ANALYZER_NONNULL = YES;
				CLANG_ANALYZER_NUMBER_OBJECT_CONVERSION = YES_AGGRESSIVE;
				CLANG_CXX_LANGUAGE_STANDARD = "gnu++20";
				CLANG_ENABLE_MODULES = YES;
				CLANG_ENABLE_OBJC_ARC = YES;
				CLANG_ENABLE_OBJC_WEAK = YES;
				CLANG_WARN_BLOCK_CAPTURE_AUTORELEASING = YES;
				CLANG_WARN_BOOL_CONVERSION = YES;
				CLANG_WARN_COMMA = YES;
				CLANG_WARN_CONSTANT_CONVERSION = YES;
				CLANG_WARN_DEPRECATED_OBJC_IMPLEMENTATIONS = YES;
				CLANG_WARN_DIRECT_OBJC_ISA_USAGE = YES_ERROR;
				CLANG_WARN_DOCUMENTATION_COMMENTS = YES;
				CLANG_WARN_EMPTY_BODY = YES;
				CLANG_WARN_ENUM_CONVERSION = YES;
				CLANG_WARN_INFINITE_RECURSION = YES;
				CLANG_WARN_INT_CONVERSION = YES;
				CLANG_WARN_NON_LITERAL_NULL_CONVERSION = YES;
				CLANG_WARN_OBJC_IMPLICIT_RETAIN_SELF = YES;
				CLANG_WARN_OBJC_LITERAL_CONVERSION = YES;
				CLANG_WARN_OBJC_ROOT_CLASS = YES_ERROR;
				CLANG_WARN_QUOTED_INCLUDE_IN_FRAMEWORK_HEADER = YES;
				CLANG_WARN_RANGE_LOOP_ANALYSIS = YES;
				CLANG_WARN_STRICT_PROTOTYPES = YES;
				CLANG_WARN_SUSPICIOUS_MOVE = YES;
				CLANG_WARN_UNGUARDED_AVAILABILITY = YES_AGGRESSIVE;
				CLANG_WARN_UNREACHABLE_CODE = YES;
				CLANG_WARN__DUPLICATE_METHOD_MATCH = YES;
				COPY_PHASE_STRIP = NO;
				DEBUG_INFORMATION_FORMAT = dwarf;
				ENABLE_STRICT_OBJC_MSGSEND = YES;
				ENABLE_TESTABILITY = YES;
				ENABLE_USER_SCRIPT_SANDBOXING = YES;
				GCC_C_LANGUAGE_STANDARD = gnu17;
				GCC_DYNAMIC_NO_PIC = NO;
				GCC_NO_COMMON_BLOCKS = YES;
				GCC_OPTIMIZATION_LEVEL = 0;
				GCC_PREPROCESSOR_DEFINITIONS = (
					"DEBUG=1",
					"$(inherited)",
				);
				GCC_WARN_64_TO_32_BIT_CONVERSION = YES;
				GCC_WARN_ABOUT_RETURN_TYPE = YES_ERROR;
				GCC_WARN_UNDECLARED_SELECTOR = YES;
				GCC_WARN_UNINITIALIZED_AUTOS = YES_AGGRESSIVE;
				GCC_WARN_UNUSED_FUNCTION = YES;
				GCC_WARN_UNUSED_VARIABLE = YES;
				IPHONEOS_DEPLOYMENT_TARGET = 17.4;
				LOCALIZATION_PREFERS_STRING_CATALOGS = YES;
				MTL_ENABLE_DEBUG_INFO = INCLUDE_SOURCE;
				MTL_FAST_MATH = YES;
				ONLY_ACTIVE_ARCH = YES;
				SDKROOT = iphoneos;
				SWIFT_ACTIVE_COMPILATION_CONDITIONS = "DEBUG $(inherited)";
				SWIFT_OPTIMIZATION_LEVEL = "-Onone";
			};
			name = Debug;
		};
		9F83CC3C2E05A2940031C14F /* Release */ = {
			isa = XCBuildConfiguration;
			buildSettings = {
				ALWAYS_SEARCH_USER_PATHS = NO;
				ASSETCATALOG_COMPILER_GENERATE_SWIFT_ASSET_SYMBOL_EXTENSIONS = YES;
				CLANG_ANALYZER_NONNULL = YES;
				CLANG_ANALYZER_NUMBER_OBJECT_CONVERSION = YES_AGGRESSIVE;
				CLANG_CXX_LANGUAGE_STANDARD = "gnu++20";
				CLANG_ENABLE_MODULES = YES;
				CLANG_ENABLE_OBJC_ARC = YES;
				CLANG_ENABLE_OBJC_WEAK = YES;
				CLANG_WARN_BLOCK_CAPTURE_AUTORELEASING = YES;
				CLANG_WARN_BOOL_CONVERSION = YES;
				CLANG_WARN_COMMA = YES;
				CLANG_WARN_CONSTANT_CONVERSION = YES;
				CLANG_WARN_DEPRECATED_OBJC_IMPLEMENTATIONS = YES;
				CLANG_WARN_DIRECT_OBJC_ISA_USAGE = YES_ERROR;
				CLANG_WARN_DOCUMENTATION_COMMENTS = YES;
				CLANG_WARN_EMPTY_BODY = YES;
				CLANG_WARN_ENUM_CONVERSION = YES;
				CLANG_WARN_INFINITE_RECURSION = YES;
				CLANG_WARN_INT_CONVERSION = YES;
				CLANG_WARN_NON_LITERAL_NULL_CONVERSION = YES;
				CLANG_WARN_OBJC_IMPLICIT_RETAIN_SELF = YES;
				CLANG_WARN_OBJC_LITERAL_CONVERSION = YES;
				CLANG_WARN_OBJC_ROOT_CLASS = YES_ERROR;
				CLANG_WARN_QUOTED_INCLUDE_IN_FRAMEWORK_HEADER = YES;
				CLANG_WARN_RANGE_LOOP_ANALYSIS = YES;
				CLANG_WARN_STRICT_PROTOTYPES = YES;
				CLANG_WARN_SUSPICIOUS_MOVE = YES;
				CLANG_WARN_UNGUARDED_AVAILABILITY = YES_AGGRESSIVE;
				CLANG_WARN_UNREACHABLE_CODE = YES;
				CLANG_WARN__DUPLICATE_METHOD_MATCH = YES;
				COPY_PHASE_STRIP = NO;
				DEBUG_INFORMATION_FORMAT = "dwarf-with-dsym";
				ENABLE_NS_ASSERTIONS = NO;
				ENABLE_STRICT_OBJC_MSGSEND = YES;
				ENABLE_USER_SCRIPT_SANDBOXING = YES;
				GCC_C_LANGUAGE_STANDARD = gnu17;
				GCC_NO_COMMON_BLOCKS = YES;
				GCC_WARN_64_TO_32_BIT_CONVERSION = YES;
				GCC_WARN_ABOUT_RETURN_TYPE = YES_ERROR;
				GCC_WARN_UNDECLARED_SELECTOR = YES;
				GCC_WARN_UNINITIALIZED_AUTOS = YES_AGGRESSIVE;
				GCC_WARN_UNUSED_FUNCTION = YES;
				GCC_WARN_UNUSED_VARIABLE = YES;
				IPHONEOS_DEPLOYMENT_TARGET = 17.4;
				LOCALIZATION_PREFERS_STRING_CATALOGS = YES;
				MTL_ENABLE_DEBUG_INFO = NO;
				MTL_FAST_MATH = YES;
				SDKROOT = iphoneos;
				SWIFT_COMPILATION_MODE = wholemodule;
				VALIDATE_PRODUCT = YES;
			};
			name = Release;
		};
		9F83CC3E2E05A2940031C14F /* Debug */ = {
			isa = XCBuildConfiguration;
			buildSettings = {
				ASSETCATALOG_COMPILER_APPICON_NAME = AppIcon;
				ASSETCATALOG_COMPILER_GLOBAL_ACCENT_COLOR_NAME = AccentColor;
				CODE_SIGN_STYLE = Automatic;
				CURRENT_PROJECT_VERSION = 1;
				DEVELOPMENT_ASSET_PATHS = "\"AirbnbProject/Preview Content\"";
				DEVELOPMENT_TEAM = 6AZ6TUHC7X;
				ENABLE_PREVIEWS = YES;
				GENERATE_INFOPLIST_FILE = YES;
				INFOPLIST_KEY_UIApplicationSceneManifest_Generation = YES;
				INFOPLIST_KEY_UIApplicationSupportsIndirectInputEvents = YES;
				INFOPLIST_KEY_UILaunchScreen_Generation = YES;
				INFOPLIST_KEY_UISupportedInterfaceOrientations_iPad = "UIInterfaceOrientationPortrait UIInterfaceOrientationPortraitUpsideDown UIInterfaceOrientationLandscapeLeft UIInterfaceOrientationLandscapeRight";
				INFOPLIST_KEY_UISupportedInterfaceOrientations_iPhone = "UIInterfaceOrientationPortrait UIInterfaceOrientationLandscapeLeft UIInterfaceOrientationLandscapeRight";
				LD_RUNPATH_SEARCH_PATHS = (
					"$(inherited)",
					"@executable_path/Frameworks",
				);
				MARKETING_VERSION = 1.0;
				PRODUCT_BUNDLE_IDENTIFIER = kz.iosdeveloper.AirbnbProject;
				PRODUCT_NAME = "$(TARGET_NAME)";
				SWIFT_EMIT_LOC_STRINGS = YES;
				SWIFT_VERSION = 5.0;
				TARGETED_DEVICE_FAMILY = "1,2";
			};
			name = Debug;
		};
		9F83CC3F2E05A2940031C14F /* Release */ = {
			isa = XCBuildConfiguration;
			buildSettings = {
				ASSETCATALOG_COMPILER_APPICON_NAME = AppIcon;
				ASSETCATALOG_COMPILER_GLOBAL_ACCENT_COLOR_NAME = AccentColor;
				CODE_SIGN_STYLE = Automatic;
				CURRENT_PROJECT_VERSION = 1;
				DEVELOPMENT_ASSET_PATHS = "\"AirbnbProject/Preview Content\"";
				DEVELOPMENT_TEAM = 6AZ6TUHC7X;
				ENABLE_PREVIEWS = YES;
				GENERATE_INFOPLIST_FILE = YES;
				INFOPLIST_KEY_UIApplicationSceneManifest_Generation = YES;
				INFOPLIST_KEY_UIApplicationSupportsIndirectInputEvents = YES;
				INFOPLIST_KEY_UILaunchScreen_Generation = YES;
				INFOPLIST_KEY_UISupportedInterfaceOrientations_iPad = "UIInterfaceOrientationPortrait UIInterfaceOrientationPortraitUpsideDown UIInterfaceOrientationLandscapeLeft UIInterfaceOrientationLandscapeRight";
				INFOPLIST_KEY_UISupportedInterfaceOrientations_iPhone = "UIInterfaceOrientationPortrait UIInterfaceOrientationLandscapeLeft UIInterfaceOrientationLandscapeRight";
				LD_RUNPATH_SEARCH_PATHS = (
					"$(inherited)",
					"@executable_path/Frameworks",
				);
				MARKETING_VERSION = 1.0;
				PRODUCT_BUNDLE_IDENTIFIER = kz.iosdeveloper.AirbnbProject;
				PRODUCT_NAME = "$(TARGET_NAME)";
				SWIFT_EMIT_LOC_STRINGS = YES;
				SWIFT_VERSION = 5.0;
				TARGETED_DEVICE_FAMILY = "1,2";
			};
			name = Release;
		};
/* End XCBuildConfiguration section */

/* Begin XCConfigurationList section */
		9F83CC2A2E05A2930031C14F /* Build configuration list for PBXProject "AirbnbProject" */ = {
			isa = XCConfigurationList;
			buildConfigurations = (
				9F83CC3B2E05A2940031C14F /* Debug */,
				9F83CC3C2E05A2940031C14F /* Release */,
			);
			defaultConfigurationIsVisible = 0;
			defaultConfigurationName = Release;
		};
		9F83CC3D2E05A2940031C14F /* Build configuration list for PBXNativeTarget "AirbnbProject" */ = {
			isa = XCConfigurationList;
			buildConfigurations = (
				9F83CC3E2E05A2940031C14F /* Debug */,
				9F83CC3F2E05A2940031C14F /* Release */,
			);
			defaultConfigurationIsVisible = 0;
			defaultConfigurationName = Release;
		};
/* End XCConfigurationList section */
	};
	rootObject = 9F83CC272E05A2930031C14F /* Project object */;
}
